{
    "_meta": {
        "hash": {
            "sha256": "d779d479546cf1c8e25b743d21f8459325c73a67776701ac7aebc588359fc275"
        },
        "pipfile-spec": 6,
        "requires": {
            "python_version": "3.7.11"
        },
        "sources": [
            {
                "name": "pypi",
                "url": "https://pypi.python.org/simple",
                "verify_ssl": true
            }
        ]
    },
    "default": {
        "asgiref": {
            "hashes": [
                "sha256:4ef1ab46b484e3c706329cedeff284a5d40824200638503f5768edb6de7d58e9",
                "sha256:ffc141aa908e6f175673e7b1b3b7af4fdb0ecb738fc5c8b88f69f055c2415214"
            ],
            "markers": "python_version >= '3.6'",
            "version": "==3.4.1"
        },
        "bottleneck": {
            "hashes": [
                "sha256:20179f0b66359792ea283b69aa16366419132f3b6cf3adadc0c48e2e8118e573"
            ],
            "index": "pypi",
            "version": "==1.3.2"
        },
        "dj-database-url": {
            "hashes": [
                "sha256:4aeaeb1f573c74835b0686a2b46b85990571159ffc21aa57ecd4d1e1cb334163",
                "sha256:851785365761ebe4994a921b433062309eb882fedd318e1b0fcecc607ed02da9"
            ],
            "index": "pypi",
            "version": "==0.5.0"
        },
        "django": {
            "hashes": [
                "sha256:2f1ba1db8648484dd5c238fb62504777b7ad090c81c5f1fd8d5eb5ec21b5f283",
                "sha256:c91c91a7ad6ef67a874a4f76f58ba534f9208412692a840e1d125eb5c279cb0a"
            ],
            "index": "pypi",
            "version": "==3.0.3"
        },
        "dpcpp-cpp-rt": {
            "hashes": [
                "sha256:0209e852d19b0dd9e7d81b80a9976a67f30094384568671a5cbb938f1806171a",
                "sha256:858e151fe907f0ad2ebd6464a7cf2623ad80e0501502b57d14bfa987591e896c",
                "sha256:f18e39b6220580e2a0f85886986057cf3fd68ab7b8ae1400ea9e3779bf8c65c9"
            ],
            "version": "==2021.4.0"
        },
        "gunicorn": {
            "hashes": [
                "sha256:9dcc4547dbb1cb284accfb15ab5667a0e5d1881cc443e0677b4882a4067a807e",
                "sha256:e0a968b5ba15f8a328fdfd7ab1fcb5af4470c28aaf7e55df02a99bc13138e6e8"
            ],
            "index": "pypi",
            "version": "==20.1.0"
        },
        "intel-cmplr-lib-rt": {
            "hashes": [
                "sha256:2f4f780e6dc4a116cc6232ba22e41f0fb04a4e78f815bec7fcecf7ee94ce7915",
                "sha256:7a72affec7bf77a78b369cd584c8d40cc8c665d498ff2f942a58307dfd3e5dfb",
                "sha256:cacc00fb5ea25f50fb69f7a314e9bf2d5492ef411cef3d1b7e081276adb8912b",
                "sha256:f4fb1320012fc03e74864b1d4da1c1811ed228aaa2e1e874905ddbc4228346a4"
            ],
            "version": "==2021.4.0"
        },
        "intel-cmplr-lic-rt": {
            "hashes": [
                "sha256:15cf0a4716b7742d32714bdd5fbf46a37462c1883f5ac9f08dd865e6335174cc",
                "sha256:7477d1cbcdf1c40fa2c7e70ac65cad8623c1f8b8c5e3de6f76b748f8d4717c78",
                "sha256:92a92d31641e3b3228a61a9be7d9cfa0120546dfcafbf78f35d7c8691c572e4d",
                "sha256:ae2e4b9ea3cd9228ce6a913e91fba9c598f4d1549669fddfe26f62059b9afeb0",
                "sha256:ff18fadd27a3987ce9b65973260e761d113e09f1b9e2200143fb7ab1d405c377"
            ],
            "version": "==2021.4.0"
        },
        "intel-opencl-rt": {
            "hashes": [
                "sha256:903346a9cbc026fb513d2397f1e45b65ec6df66c1b0e79b7db22f0bcee5e9c49",
                "sha256:f46a148ec1c94da9da665dc049d9828625ed5d09077c0df025decc77adff9236"
            ],
            "version": "==2021.4.0"
        },
        "intel-openmp": {
            "hashes": [
                "sha256:3b921236a38384e2016f0f3d65af6732cf2c12918087128a9163225451e776f2",
                "sha256:41c01e266a7fdb631a7609191709322da2bbf24b252ba763f125dd651bcc7675",
                "sha256:6e863d8fd3d7e8ef389d52cf97a50fe2afe1a19247e8c0d168ce021546f96fc9",
                "sha256:e2240ab8d01472fed04f3544a878cda5da16c26232b7ea1b59132dbfb48b186e",
                "sha256:eef4c8bcc8acefd7f5cd3b9384dbf73d59e2c99fc56545712ded913f43c4a94f"
            ],
            "version": "==2021.4.0"
        },
        "mkl": {
            "hashes": [
                "sha256:398dbf2b0d12acaf54117a5210e8f191827f373d362d796091d161f610c1ebfb",
                "sha256:439c640b269a5668134e3dcbcea4350459c4a8bc46469669b2d67e07e3d330e8",
                "sha256:636d07d90e68ccc9630c654d47ce9fdeb036bb46e2b193b3a9ac8cfea683cce5",
                "sha256:67460f5cd7e30e405b54d70d1ed3ca78118370b65f7327d495e9c8847705e2fb",
                "sha256:ceef3cafce4c009dd25f65d7ad0d833a0fbadc3d8903991ec92351fe5de1e718"
            ],
            "version": "==2021.4.0"
        },
        "mkl-fft": {
            "hashes": [
                "sha256:05a939e2d34fe4317d5ced79a7174f45839f04ca2741a49c9309b37836b9062e",
                "sha256:0d385fcd626b801badd81d15dda238ab10b115bd90635d5db419f570a802dd14",
                "sha256:18db262066083623235f0cf8a8d217137c30f76fa059bb65ad92fa915244050e",
                "sha256:265691ea0c3396167a871e7a98166334cc5f8a972dfb556587fdeb840e466c9c",
                "sha256:7337ba4863bf6ba5b4e946c55f0f3f2b3ec64de54bb945bdefaff28c076934bd",
                "sha256:b6fe6eeec22095b8ecb8e59583a6fc67c2556946ea2588b519268b7602452bfe"
            ],
            "index": "pypi",
            "version": "==1.3.1"
        },
        "numpy": {
            "hashes": [
                "sha256:0b78ecfa070460104934e2caf51694ccd00f37d5e5dbe76f021b1b0b0d221823",
                "sha256:1247ef28387b7bb7f21caf2dbe4767f4f4175df44d30604d42ad9bd701ebb31f",
                "sha256:1403b4e2181fc72664737d848b60e65150f272fe5a1c1cbc16145ed43884065a",
                "sha256:170b2a0805c6891ca78c1d96ee72e4c3ed1ae0a992c75444b6ab20ff038ba2cd",
                "sha256:2e4ed57f45f0aa38beca2a03b6532e70e548faf2debbeb3291cfc9b315d9be8f",
                "sha256:32fe5b12061f6446adcbb32cf4060a14741f9c21e15aaee59a207b6ce6423469",
                "sha256:34f3456f530ae8b44231c63082c8899fe9c983fd9b108c997c4b1c8c2d435333",
                "sha256:4c9c23158b87ed0e70d9a50c67e5c0b3f75bcf2581a8e34668d4e9d7474d76c6",
                "sha256:5d95668e727c75b3f5088ec7700e260f90ec83f488e4c0aaccb941148b2cd377",
                "sha256:615d4e328af7204c13ae3d4df7615a13ff60a49cb0d9106fde07f541207883ca",
                "sha256:69077388c5a4b997442b843dbdc3a85b420fb693ec8e33020bb24d647c164fa5",
                "sha256:74b85a17528ca60cf98381a5e779fc0264b4a88b46025e6bcbe9621f46bb3e63",
                "sha256:81225e58ef5fce7f1d80399575576fc5febec79a8a2742e8ef86d7b03beef49f",
                "sha256:8890b3360f345e8360133bc078d2dacc2843b6ee6059b568781b15b97acbe39f",
                "sha256:92aafa03da8658609f59f18722b88f0a73a249101169e28415b4fa148caf7e41",
                "sha256:9864424631775b0c052f3bd98bc2712d131b3e2cd95d1c0c68b91709170890b0",
                "sha256:9e6f5f50d1eff2f2f752b3089a118aee1ea0da63d56c44f3865681009b0af162",
                "sha256:a3deb31bc84f2b42584b8c4001c85d1934dbfb4030827110bc36bfd11509b7bf",
                "sha256:ad010846cdffe7ec27e3f933397f8a8d6c801a48634f419e3d075db27acf5880",
                "sha256:b1e2312f5b8843a3e4e8224b2b48fe16119617b8fc0a54df8f50098721b5bed2",
                "sha256:bc988afcea53e6156546e5b2885b7efab089570783d9d82caf1cfd323b0bb3dd",
                "sha256:c449eb870616a7b62e097982c622d2577b3dbc800aaf8689254ec6e0197cbf1e",
                "sha256:c74c699b122918a6c4611285cc2cad4a3aafdb135c22a16ec483340ef97d573c",
                "sha256:c885bfc07f77e8fee3dc879152ba993732601f1f11de248d4f357f0ffea6a6d4",
                "sha256:e3c3e990274444031482a31280bf48674441e0a5b55ddb168f3a6db3e0c38ec8",
                "sha256:e4799be6a2d7d3c33699a6f77201836ac975b2e1b98c2a07f66a38f499cb50ce",
                "sha256:e6c76a87633aa3fa16614b61ccedfae45b91df2767cf097aa9c933932a7ed1e0",
                "sha256:e89717274b41ebd568cd7943fc9418eeb49b1785b66031bc8a7f6300463c5898",
                "sha256:f5162ec777ba7138906c9c274353ece5603646c6965570d82905546579573f73",
                "sha256:fde96af889262e85aa033f8ee1d3241e32bf36228318a61f1ace579df4e8170d"
            ],
            "markers": "python_version < '3.11' and python_version >= '3.7'",
            "version": "==1.21.4"
        },
        "psycopg2": {
            "hashes": [
                "sha256:079d97fc22de90da1d370c90583659a9f9a6ee4007355f5825e5f1c70dffc1fa",
                "sha256:2087013c159a73e09713294a44d0c8008204d06326006b7f652bef5ace66eebb",
                "sha256:25615574419dd9bda6fdfdcd58afb22e721f5b807cb3d5e62f488c8acf8cb754",
                "sha256:2c992196719fadda59f72d44603ee1a2fdcc67de097eea38d41c7ad9ad246e62",
                "sha256:7640e1e4d72444ef012e275e7b53204d7fab341fb22bc76057ede22fe6860b25",
                "sha256:7f91312f065df517187134cce8e395ab37f5b601a42446bdc0f0d51773621854",
                "sha256:830c8e8dddab6b6716a4bf73a09910c7954a92f40cf1d1e702fb93c8a919cc56",
                "sha256:89409d369f4882c47f7ea20c42c5046879ce22c1e4ea20ef3b00a4dfc0a7f188",
                "sha256:bf35a25f1aaa8a3781195595577fcbb59934856ee46b4f252f56ad12b8043bcf",
                "sha256:de5303a6f1d0a7a34b9d40e4d3bef684ccc44a49bbe3eb85e3c0bffb4a131b7c",
                "sha256:e5a8ed9dbfca8dc162c4ada5ab017e10d5a66c542b4c73569f103fa5f342f498"
            ],
            "index": "pypi",
            "version": "==2.9.1"
        },
        "pytz": {
            "hashes": [
                "sha256:3672058bc3453457b622aab7a1c3bfd5ab0bdae451512f6cf25f64ed37f5b87c",
                "sha256:acad2d8b20a1af07d4e4c9d2e9285c5ed9104354062f275f3fcd88dcef4f1326"
            ],
            "version": "==2021.3"
        },
        "setuptools": {
            "hashes": [
                "sha256:157d21de9d055ab9e8ea3186d91e7f4f865e11f42deafa952d90842671fc2576",
                "sha256:4adde3d1e1c89bde1c643c64d89cdd94cbfd8c75252ee459d4500bccb9c7d05d"
            ],
            "markers": "python_version >= '3.6'",
            "version": "==59.2.0"
        },
        "sqlparse": {
            "hashes": [
                "sha256:0c00730c74263a94e5a9919ade150dfc3b19c574389985446148402998287dae",
                "sha256:48719e356bb8b42991bdbb1e8b83223757b93789c00910a616a071910ca4a64d"
            ],
            "markers": "python_version >= '3.5'",
            "version": "==0.4.2"
        },
        "tbb": {
            "hashes": [
                "sha256:19e0a88289a1b4f7a71f2a8a05a5bb5770f9516b40bfdc7e893072e8c66bc922",
                "sha256:5deb5731b8b6b961c93b18668a3fe6123687b5432a8eeb053aaff07b4b418bc8",
                "sha256:802b13f2fc2a5a59bb4aa4d657955a5ffbe6c371c84482e1cbed0514041164ac",
                "sha256:d9c5085de71410f092720d5e7756973c9d29ee89a57cb3a6a55c65503f4f9ee0",
                "sha256:eb573be447cf878c3540d181a1187e49849ec460b9c4be9a92fea1978841485d"
            ],
            "version": "==2021.4.0"
        },
        "typing-extensions": {
            "hashes": [
                "sha256:2cdf80e4e04866a9b3689a51869016d36db0814d84b8d8a568d22781d45d27ed",
                "sha256:829704698b22e13ec9eaf959122315eabb370b0884400e9818334d8b677023d9"
            ],
            "markers": "python_version < '3.8'",
            "version": "==4.0.0"
        },
        "whitenoise": {
            "hashes": [
                "sha256:d234b871b52271ae7ed6d9da47ffe857c76568f11dd30e28e18c5869dbd11e12",
                "sha256:d963ef25639d1417e8a247be36e6aedd8c7c6f0a08adcb5a89146980a96b577c"
            ],
            "index": "pypi",
            "version": "==5.3.0"
        },
        "wincertstore": {
            "hashes": [
                "sha256:22d5eebb52df88a8d4014d5cf6d1b6c3a5d469e6c3b2e2854f3a003e48872356",
                "sha256:780bd1557c9185c15d9f4221ea7f905cb20b93f7151ca8ccaed9714dce4b327a"
            ],
            "index": "pypi",
            "version": "==0.2"
        }
    },
    "develop": {}
}
